// !$*UTF8*$!
{
	archiveVersion = 1;
	classes = {
	};
	objectVersion = 46;
	objects = {

/* Begin PBXBuildFile section */
		CC10C1331C93D512001B326C /* AppDelegate.swift in Sources */ = {isa = PBXBuildFile; fileRef = CC10C1321C93D512001B326C /* AppDelegate.swift */; };
		CC10C1351C93D512001B326C /* ViewController.swift in Sources */ = {isa = PBXBuildFile; fileRef = CC10C1341C93D512001B326C /* ViewController.swift */; };
		CC10C1381C93D512001B326C /* Main.storyboard in Resources */ = {isa = PBXBuildFile; fileRef = CC10C1361C93D512001B326C /* Main.storyboard */; };
		CC10C13A1C93D512001B326C /* Assets.xcassets in Resources */ = {isa = PBXBuildFile; fileRef = CC10C1391C93D512001B326C /* Assets.xcassets */; };
		CC10C13D1C93D512001B326C /* LaunchScreen.storyboard in Resources */ = {isa = PBXBuildFile; fileRef = CC10C13B1C93D512001B326C /* LaunchScreen.storyboard */; };
		CC10C1451C93D51D001B326C /* ImageReciever.swift in Sources */ = {isa = PBXBuildFile; fileRef = CC10C1441C93D51C001B326C /* ImageReciever.swift */; };
		CC48C6941C94FC30009F4B45 /* ScopeView.swift in Sources */ = {isa = PBXBuildFile; fileRef = CC48C6931C94FC30009F4B45 /* ScopeView.swift */; };
		CC48C6971C94FC7F009F4B45 /* VisualizerView.swift in Sources */ = {isa = PBXBuildFile; fileRef = CC48C6961C94FC7F009F4B45 /* VisualizerView.swift */; };
		CC48C6991C94FCAF009F4B45 /* ScopeProcessor.swift in Sources */ = {isa = PBXBuildFile; fileRef = CC48C6981C94FCAF009F4B45 /* ScopeProcessor.swift */; };
		CCE200C61C975FC000404B22 /* Util.swift in Sources */ = {isa = PBXBuildFile; fileRef = CCE200C51C975FC000404B22 /* Util.swift */; };
/* End PBXBuildFile section */

/* Begin PBXFileReference section */
		CC10C12F1C93D512001B326C /* VideoScopes.app */ = {isa = PBXFileReference; explicitFileType = wrapper.application; includeInIndex = 0; path = VideoScopes.app; sourceTree = BUILT_PRODUCTS_DIR; };
		CC10C1321C93D512001B326C /* AppDelegate.swift */ = {isa = PBXFileReference; lastKnownFileType = sourcecode.swift; path = AppDelegate.swift; sourceTree = "<group>"; };
		CC10C1341C93D512001B326C /* ViewController.swift */ = {isa = PBXFileReference; lastKnownFileType = sourcecode.swift; path = ViewController.swift; sourceTree = "<group>"; };
		CC10C1371C93D512001B326C /* Base */ = {isa = PBXFileReference; lastKnownFileType = file.storyboard; name = Base; path = Base.lproj/Main.storyboard; sourceTree = "<group>"; };
		CC10C1391C93D512001B326C /* Assets.xcassets */ = {isa = PBXFileReference; lastKnownFileType = folder.assetcatalog; path = Assets.xcassets; sourceTree = "<group>"; };
		CC10C13C1C93D512001B326C /* Base */ = {isa = PBXFileReference; lastKnownFileType = file.storyboard; name = Base; path = Base.lproj/LaunchScreen.storyboard; sourceTree = "<group>"; };
		CC10C13E1C93D512001B326C /* Info.plist */ = {isa = PBXFileReference; lastKnownFileType = text.plist.xml; path = Info.plist; sourceTree = "<group>"; };
		CC10C1441C93D51C001B326C /* ImageReciever.swift */ = {isa = PBXFileReference; fileEncoding = 4; lastKnownFileType = sourcecode.swift; path = ImageReciever.swift; sourceTree = "<group>"; };
		CC48C6931C94FC30009F4B45 /* ScopeView.swift */ = {isa = PBXFileReference; fileEncoding = 4; lastKnownFileType = sourcecode.swift; path = ScopeView.swift; sourceTree = "<group>"; };
		CC48C6961C94FC7F009F4B45 /* VisualizerView.swift */ = {isa = PBXFileReference; fileEncoding = 4; lastKnownFileType = sourcecode.swift; path = VisualizerView.swift; sourceTree = "<group>"; };
		CC48C6981C94FCAF009F4B45 /* ScopeProcessor.swift */ = {isa = PBXFileReference; fileEncoding = 4; lastKnownFileType = sourcecode.swift; path = ScopeProcessor.swift; sourceTree = "<group>"; };
		CCE200C51C975FC000404B22 /* Util.swift */ = {isa = PBXFileReference; fileEncoding = 4; lastKnownFileType = sourcecode.swift; name = Util.swift; path = ../Util.swift; sourceTree = "<group>"; };
/* End PBXFileReference section */

/* Begin PBXFrameworksBuildPhase section */
		CC10C12C1C93D512001B326C /* Frameworks */ = {
			isa = PBXFrameworksBuildPhase;
			buildActionMask = 2147483647;
			files = (
			);
			runOnlyForDeploymentPostprocessing = 0;
		};
/* End PBXFrameworksBuildPhase section */

/* Begin PBXGroup section */
		CC10C1261C93D512001B326C = {
			isa = PBXGroup;
			children = (
				CC10C1311C93D512001B326C /* VideoScopes */,
				CC10C1301C93D512001B326C /* Products */,
			);
			sourceTree = "<group>";
		};
		CC10C1301C93D512001B326C /* Products */ = {
			isa = PBXGroup;
			children = (
				CC10C12F1C93D512001B326C /* VideoScopes.app */,
			);
			name = Products;
			sourceTree = "<group>";
		};
		CC10C1311C93D512001B326C /* VideoScopes */ = {
			isa = PBXGroup;
			children = (
				CCE200C51C975FC000404B22 /* Util.swift */,
				CC10C1321C93D512001B326C /* AppDelegate.swift */,
				CC10C1341C93D512001B326C /* ViewController.swift */,
				CC48C6951C94FC3A009F4B45 /* ScopeViewUI */,
				CC10C1441C93D51C001B326C /* ImageReciever.swift */,
				CC10C1361C93D512001B326C /* Main.storyboard */,
				CC10C1391C93D512001B326C /* Assets.xcassets */,
				CC10C13B1C93D512001B326C /* LaunchScreen.storyboard */,
				CC10C13E1C93D512001B326C /* Info.plist */,
			);
			path = VideoScopes;
			sourceTree = "<group>";
		};
		CC48C6951C94FC3A009F4B45 /* ScopeViewUI */ = {
			isa = PBXGroup;
			children = (
				CC48C6981C94FCAF009F4B45 /* ScopeProcessor.swift */,
				CC48C6931C94FC30009F4B45 /* ScopeView.swift */,
				CC48C6961C94FC7F009F4B45 /* VisualizerView.swift */,
			);
			name = ScopeViewUI;
			sourceTree = "<group>";
		};
/* End PBXGroup section */

/* Begin PBXNativeTarget section */
		CC10C12E1C93D512001B326C /* VideoScopes */ = {
			isa = PBXNativeTarget;
			buildConfigurationList = CC10C1411C93D512001B326C /* Build configuration list for PBXNativeTarget "VideoScopes" */;
			buildPhases = (
				CC10C12B1C93D512001B326C /* Sources */,
				CC10C12C1C93D512001B326C /* Frameworks */,
				CC10C12D1C93D512001B326C /* Resources */,
			);
			buildRules = (
			);
			dependencies = (
			);
			name = VideoScopes;
			productName = VideoScopes;
			productReference = CC10C12F1C93D512001B326C /* VideoScopes.app */;
			productType = "com.apple.product-type.application";
		};
/* End PBXNativeTarget section */

/* Begin PBXProject section */
		CC10C1271C93D512001B326C /* Project object */ = {
			isa = PBXProject;
			attributes = {
				LastSwiftUpdateCheck = 0720;
				LastUpgradeCheck = 0720;
				ORGANIZATIONNAME = Nexiosoft;
				TargetAttributes = {
					CC10C12E1C93D512001B326C = {
						CreatedOnToolsVersion = 7.2;
					};
				};
			};
			buildConfigurationList = CC10C12A1C93D512001B326C /* Build configuration list for PBXProject "VideoScopes" */;
			compatibilityVersion = "Xcode 3.2";
			developmentRegion = English;
			hasScannedForEncodings = 0;
			knownRegions = (
				en,
				Base,
			);
			mainGroup = CC10C1261C93D512001B326C;
			productRefGroup = CC10C1301C93D512001B326C /* Products */;
			projectDirPath = "";
			projectRoot = "";
			targets = (
				CC10C12E1C93D512001B326C /* VideoScopes */,
			);
		};
/* End PBXProject section */

/* Begin PBXResourcesBuildPhase section */
		CC10C12D1C93D512001B326C /* Resources */ = {
			isa = PBXResourcesBuildPhase;
			buildActionMask = 2147483647;
			files = (
				CC10C13D1C93D512001B326C /* LaunchScreen.storyboard in Resources */,
				CC10C13A1C93D512001B326C /* Assets.xcassets in Resources */,
				CC10C1381C93D512001B326C /* Main.storyboard in Resources */,
			);
			runOnlyForDeploymentPostprocessing = 0;
		};
/* End PBXResourcesBuildPhase section */

/* Begin PBXSourcesBuildPhase section */
		CC10C12B1C93D512001B326C /* Sources */ = {
			isa = PBXSourcesBuildPhase;
			buildActionMask = 2147483647;
			files = (
				CC48C6971C94FC7F009F4B45 /* VisualizerView.swift in Sources */,
				CC10C1451C93D51D001B326C /* ImageReciever.swift in Sources */,
				CC10C1351C93D512001B326C /* ViewController.swift in Sources */,
				CC48C6991C94FCAF009F4B45 /* ScopeProcessor.swift in Sources */,
				CCE200C61C975FC000404B22 /* Util.swift in Sources */,
				CC10C1331C93D512001B326C /* AppDelegate.swift in Sources */,
				CC48C6941C94FC30009F4B45 /* ScopeView.swift in Sources */,
			);
			runOnlyForDeploymentPostprocessing = 0;
		};
/* End PBXSourcesBuildPhase section */

/* Begin PBXVariantGroup section */
		CC10C1361C93D512001B326C /* Main.storyboard */ = {
			isa = PBXVariantGroup;
			children = (
				CC10C1371C93D512001B326C /* Base */,
			);
			name = Main.storyboard;
			sourceTree = "<group>";
		};
		CC10C13B1C93D512001B326C /* LaunchScreen.storyboard */ = {
			isa = PBXVariantGroup;
			children = (
				CC10C13C1C93D512001B326C /* Base */,
			);
			name = LaunchScreen.storyboard;
			sourceTree = "<group>";
		};
/* End PBXVariantGroup section */

/* Begin XCBuildConfiguration section */
		CC10C13F1C93D512001B326C /* Debug */ = {
			isa = XCBuildConfiguration;
			buildSettings = {
				ALWAYS_SEARCH_USER_PATHS = NO;
				CLANG_CXX_LANGUAGE_STANDARD = "gnu++0x";
				CLANG_CXX_LIBRARY = "libc++";
				CLANG_ENABLE_MODULES = YES;
				CLANG_ENABLE_OBJC_ARC = YES;
				CLANG_WARN_BOOL_CONVERSION = YES;
				CLANG_WARN_CONSTANT_CONVERSION = YES;
				CLANG_WARN_DIRECT_OBJC_ISA_USAGE = YES_ERROR;
				CLANG_WARN_EMPTY_BODY = YES;
				CLANG_WARN_ENUM_CONVERSION = YES;
				CLANG_WARN_INT_CONVERSION = YES;
				CLANG_WARN_OBJC_ROOT_CLASS = YES_ERROR;
				CLANG_WARN_UNREACHABLE_CODE = YES;
				CLANG_WARN__DUPLICATE_METHOD_MATCH = YES;
				"CODE_SIGN_IDENTITY[sdk=iphoneos*]" = "iPhone Developer";
				COPY_PHASE_STRIP = NO;
				DEBUG_INFORMATION_FORMAT = dwarf;
				ENABLE_STRICT_OBJC_MSGSEND = YES;
				ENABLE_TESTABILITY = YES;
				GCC_C_LANGUAGE_STANDARD = gnu99;
				GCC_DYNAMIC_NO_PIC = NO;
				GCC_NO_COMMON_BLOCKS = YES;
				GCC_OPTIMIZATION_LEVEL = 0;
				GCC_PREPROCESSOR_DEFINITIONS = (
					"DEBUG=1",
					"$(inherited)",
				);
				GCC_WARN_64_TO_32_BIT_CONVERSION = YES;
				GCC_WARN_ABOUT_RETURN_TYPE = YES_ERROR;
				GCC_WARN_UNDECLARED_SELECTOR = YES;
				GCC_WARN_UNINITIALIZED_AUTOS = YES_AGGRESSIVE;
				GCC_WARN_UNUSED_FUNCTION = YES;
				GCC_WARN_UNUSED_VARIABLE = YES;
				IPHONEOS_DEPLOYMENT_TARGET = 9.2;
				MTL_ENABLE_DEBUG_INFO = YES;
				ONLY_ACTIVE_ARCH = YES;
				SDKROOT = iphoneos;
				SWIFT_OPTIMIZATION_LEVEL = "-Onone";
			};
			name = Debug;
		};
		CC10C1401C93D512001B326C /* Release */ = {
			isa = XCBuildConfiguration;
			buildSettings = {
				ALWAYS_SEARCH_USER_PATHS = NO;
				CLANG_CXX_LANGUAGE_STANDARD = "gnu++0x";
				CLANG_CXX_LIBRARY = "libc++";
				CLANG_ENABLE_MODULES = YES;
				CLANG_ENABLE_OBJC_ARC = YES;
				CLANG_WARN_BOOL_CONVERSION = YES;
				CLANG_WARN_CONSTANT_CONVERSION = YES;
				CLANG_WARN_DIRECT_OBJC_ISA_USAGE = YES_ERROR;
				CLANG_WARN_EMPTY_BODY = YES;
				CLANG_WARN_ENUM_CONVERSION = YES;
				CLANG_WARN_INT_CONVERSION = YES;
				CLANG_WARN_OBJC_ROOT_CLASS = YES_ERROR;
				CLANG_WARN_UNREACHABLE_CODE = YES;
				CLANG_WARN__DUPLICATE_METHOD_MATCH = YES;
				"CODE_SIGN_IDENTITY[sdk=iphoneos*]" = "iPhone Developer";
				COPY_PHASE_STRIP = NO;
				DEBUG_INFORMATION_FORMAT = "dwarf-with-dsym";
				ENABLE_NS_ASSERTIONS = NO;
				ENABLE_STRICT_OBJC_MSGSEND = YES;
				GCC_C_LANGUAGE_STANDARD = gnu99;
				GCC_NO_COMMON_BLOCKS = YES;
				GCC_WARN_64_TO_32_BIT_CONVERSION = YES;
				GCC_WARN_ABOUT_RETURN_TYPE = YES_ERROR;
				GCC_WARN_UNDECLARED_SELECTOR = YES;
				GCC_WARN_UNINITIALIZED_AUTOS = YES_AGGRESSIVE;
				GCC_WARN_UNUSED_FUNCTION = YES;
				GCC_WARN_UNUSED_VARIABLE = YES;
				IPHONEOS_DEPLOYMENT_TARGET = 9.2;
				MTL_ENABLE_DEBUG_INFO = NO;
				SDKROOT = iphoneos;
				VALIDATE_PRODUCT = YES;
			};
			name = Release;
		};
		CC10C1421C93D512001B326C /* Debug */ = {
			isa = XCBuildConfiguration;
			buildSettings = {
				ASSETCATALOG_COMPILER_APPICON_NAME = AppIcon;
				INFOPLIST_FILE = VideoScopes/Info.plist;
				IPHONEOS_DEPLOYMENT_TARGET = 9.0;
				LD_RUNPATH_SEARCH_PATHS = "$(inherited) @executable_path/Frameworks";
				PRODUCT_BUNDLE_IDENTIFIER = com.nexiosoft.VideoScopes;
				PRODUCT_NAME = "$(TARGET_NAME)";
				TARGETED_DEVICE_FAMILY = "1,2";
			};
			name = Debug;
		};
		CC10C1431C93D512001B326C /* Release */ = {
			isa = XCBuildConfiguration;
			buildSettings = {
				ASSETCATALOG_COMPILER_APPICON_NAME = AppIcon;
				INFOPLIST_FILE = VideoScopes/Info.plist;
				IPHONEOS_DEPLOYMENT_TARGET = 9.0;
				LD_RUNPATH_SEARCH_PATHS = "$(inherited) @executable_path/Frameworks";
				PRODUCT_BUNDLE_IDENTIFIER = com.nexiosoft.VideoScopes;
				PRODUCT_NAME = "$(TARGET_NAME)";
				TARGETED_DEVICE_FAMILY = "1,2";
			};
			name = Release;
		};
/* End XCBuildConfiguration section */

/* Begin XCConfigurationList section */
		CC10C12A1C93D512001B326C /* Build configuration list for PBXProject "VideoScopes" */ = {
			isa = XCConfigurationList;
			buildConfigurations = (
				CC10C13F1C93D512001B326C /* Debug */,
				CC10C1401C93D512001B326C /* Release */,
			);
			defaultConfigurationIsVisible = 0;
			defaultConfigurationName = Release;
		};
		CC10C1411C93D512001B326C /* Build configuration list for PBXNativeTarget "VideoScopes" */ = {
			isa = XCConfigurationList;
			buildConfigurations = (
				CC10C1421C93D512001B326C /* Debug */,
				CC10C1431C93D512001B326C /* Release */,
			);
			defaultConfigurationIsVisible = 0;
			defaultConfigurationName = Release;
		};
/* End XCConfigurationList section */
	};
	rootObject = CC10C1271C93D512001B326C /* Project object */;
}
